
Microsoft Visual Studio Solution File, Format Version 12.00
# Visual Studio Version 16
VisualStudioVersion = 16.0.29424.173
MinimumVisualStudioVersion = 10.0.40219.1
Project("{9A19103F-16F7-4668-BE54-9A1E7A4F7556}") = "InsignisIllustrationGenerator", "InsignisIllustrationGenerator\InsignisIllustrationGenerator.csproj", "{8FC617A0-106A-4487-8855-01B0A598E47B}"
EndProject
Global
	GlobalSection(SolutionConfigurationPlatforms) = preSolution
		Debug|Any CPU = Debug|Any CPU
		Release|Any CPU = Release|Any CPU
	EndGlobalSection
	GlobalSection(ProjectConfigurationPlatforms) = postSolution
		{8FC617A0-106A-4487-8855-01B0A598E47B}.Debug|Any CPU.ActiveCfg = Debug|Any CPU
		{8FC617A0-106A-4487-8855-01B0A598E47B}.Debug|Any CPU.Build.0 = Debug|Any CPU
		{8FC617A0-106A-4487-8855-01B0A598E47B}.Release|Any CPU.ActiveCfg = Release|Any CPU
		{8FC617A0-106A-4487-8855-01B0A598E47B}.Release|Any CPU.Build.0 = Release|Any CPU
	EndGlobalSection
	GlobalSection(SolutionProperties) = preSolution
		HideSolutionNode = FALSE
	EndGlobalSection
	GlobalSection(ExtensibilityGlobals) = postSolution
		SolutionGuid = {02519538-B70A-4CD4-8627-0F0A192A44CE}
	EndGlobalSection
EndGlobal
